
Microsoft Visual Studio Solution File, Format Version 12.00
# Visual Studio 15
VisualStudioVersion = 15.0.28307.102
MinimumVisualStudioVersion = 10.0.40219.1
Project("{FAE04EC0-301F-11D3-BF4B-00C04F79EFBC}") = "HashCode2019", "HashCode2019\HashCode2019.csproj", "{42007348-9CEF-49E0-8B63-A9A3D1FE76CC}"
EndProject
Global
	GlobalSection(SolutionConfigurationPlatforms) = preSolution
		Debug|Any CPU = Debug|Any CPU
		Release|Any CPU = Release|Any CPU
	EndGlobalSection
	GlobalSection(ProjectConfigurationPlatforms) = postSolution
		{42007348-9CEF-49E0-8B63-A9A3D1FE76CC}.Debug|Any CPU.ActiveCfg = Debug|Any CPU
		{42007348-9CEF-49E0-8B63-A9A3D1FE76CC}.Debug|Any CPU.Build.0 = Debug|Any CPU
		{42007348-9CEF-49E0-8B63-A9A3D1FE76CC}.Release|Any CPU.ActiveCfg = Release|Any CPU
		{42007348-9CEF-49E0-8B63-A9A3D1FE76CC}.Release|Any CPU.Build.0 = Release|Any CPU
	EndGlobalSection
	GlobalSection(SolutionProperties) = preSolution
		HideSolutionNode = FALSE
	EndGlobalSection
	GlobalSection(ExtensibilityGlobals) = postSolution
		SolutionGuid = {E2148220-4674-49D0-864D-03E0205C62B4}
	EndGlobalSection
EndGlobal
